{
  "object": {
    "pins": [
      {
        "package": "Shapes",
        "repositoryURL": "https://github.com/nutterfi/shapes.git",
        "state": {
          "branch": "main",
          "revision": "4598fa364b3cc15b44180a51f88ae6cb5b9aeb77",
          "version": null
        }
      }
    ]
  },
  "version": 1
}
