{
  "object": {
    "pins": [
      {
        "package": "Shapes",
        "repositoryURL": "git@github.com:nutterfi/Shapes.git",
        "state": {
          "branch": "main",
          "revision": "99809e21b9743eacf2fc8390fcc36a6b952b5829",
          "version": null
        }
      }
    ]
  },
  "version": 1
}
