{
  "object": {
    "pins": [
      {
        "package": "Shapes",
        "repositoryURL": "https://github.com/nutterfi/shapes.git",
        "state": {
          "branch": "main",
          "revision": "4552c4a169017c6848d32e46908bc70b1405240b",
          "version": null
        }
      }
    ]
  },
  "version": 1
}
