// !$*UTF8*$!
{
	archiveVersion = 1;
	classes = {
	};
	objectVersion = 50;
	objects = {

/* Begin PBXBuildFile section */
		293066D125FDD11300B87E49 /* rdr2_map_overlayApp.swift in Sources */ = {isa = PBXBuildFile; fileRef = 293066D025FDD11300B87E49 /* rdr2_map_overlayApp.swift */; };
		293066D325FDD11300B87E49 /* ContentView.swift in Sources */ = {isa = PBXBuildFile; fileRef = 293066D225FDD11300B87E49 /* ContentView.swift */; };
		293066D525FDD11400B87E49 /* Assets.xcassets in Resources */ = {isa = PBXBuildFile; fileRef = 293066D425FDD11400B87E49 /* Assets.xcassets */; };
		293066D825FDD11400B87E49 /* Preview Assets.xcassets in Resources */ = {isa = PBXBuildFile; fileRef = 293066D725FDD11400B87E49 /* Preview Assets.xcassets */; };
		293066E225FDD2BE00B87E49 /* MinimapView.swift in Sources */ = {isa = PBXBuildFile; fileRef = 293066E125FDD2BE00B87E49 /* MinimapView.swift */; };
		293066E525FDD2C600B87E49 /* MinimapViewModel.swift in Sources */ = {isa = PBXBuildFile; fileRef = 293066E425FDD2C600B87E49 /* MinimapViewModel.swift */; };
		29805B04260704ED00E09844 /* Color+Extensions.swift in Sources */ = {isa = PBXBuildFile; fileRef = 29805B03260704ED00E09844 /* Color+Extensions.swift */; };
/* End PBXBuildFile section */

/* Begin PBXFileReference section */
		293066CD25FDD11300B87E49 /* rdr2-map-overlay.app */ = {isa = PBXFileReference; explicitFileType = wrapper.application; includeInIndex = 0; path = "rdr2-map-overlay.app"; sourceTree = BUILT_PRODUCTS_DIR; };
		293066D025FDD11300B87E49 /* rdr2_map_overlayApp.swift */ = {isa = PBXFileReference; lastKnownFileType = sourcecode.swift; path = rdr2_map_overlayApp.swift; sourceTree = "<group>"; };
		293066D225FDD11300B87E49 /* ContentView.swift */ = {isa = PBXFileReference; lastKnownFileType = sourcecode.swift; path = ContentView.swift; sourceTree = "<group>"; };
		293066D425FDD11400B87E49 /* Assets.xcassets */ = {isa = PBXFileReference; lastKnownFileType = folder.assetcatalog; path = Assets.xcassets; sourceTree = "<group>"; };
		293066D725FDD11400B87E49 /* Preview Assets.xcassets */ = {isa = PBXFileReference; lastKnownFileType = folder.assetcatalog; path = "Preview Assets.xcassets"; sourceTree = "<group>"; };
		293066D925FDD11400B87E49 /* Info.plist */ = {isa = PBXFileReference; lastKnownFileType = text.plist.xml; path = Info.plist; sourceTree = "<group>"; };
		293066E125FDD2BE00B87E49 /* MinimapView.swift */ = {isa = PBXFileReference; lastKnownFileType = sourcecode.swift; path = MinimapView.swift; sourceTree = "<group>"; };
		293066E425FDD2C600B87E49 /* MinimapViewModel.swift */ = {isa = PBXFileReference; lastKnownFileType = sourcecode.swift; path = MinimapViewModel.swift; sourceTree = "<group>"; };
		29805B03260704ED00E09844 /* Color+Extensions.swift */ = {isa = PBXFileReference; lastKnownFileType = sourcecode.swift; path = "Color+Extensions.swift"; sourceTree = "<group>"; };
/* End PBXFileReference section */

/* Begin PBXFrameworksBuildPhase section */
		293066CA25FDD11300B87E49 /* Frameworks */ = {
			isa = PBXFrameworksBuildPhase;
			buildActionMask = 2147483647;
			files = (
			);
			runOnlyForDeploymentPostprocessing = 0;
		};
/* End PBXFrameworksBuildPhase section */

/* Begin PBXGroup section */
		293066C425FDD11300B87E49 = {
			isa = PBXGroup;
			children = (
				293066CF25FDD11300B87E49 /* rdr2-map-overlay */,
				293066CE25FDD11300B87E49 /* Products */,
			);
			sourceTree = "<group>";
		};
		293066CE25FDD11300B87E49 /* Products */ = {
			isa = PBXGroup;
			children = (
				293066CD25FDD11300B87E49 /* rdr2-map-overlay.app */,
			);
			name = Products;
			sourceTree = "<group>";
		};
		293066CF25FDD11300B87E49 /* rdr2-map-overlay */ = {
			isa = PBXGroup;
			children = (
				293066D025FDD11300B87E49 /* rdr2_map_overlayApp.swift */,
				293066D225FDD11300B87E49 /* ContentView.swift */,
				293066E125FDD2BE00B87E49 /* MinimapView.swift */,
				293066E425FDD2C600B87E49 /* MinimapViewModel.swift */,
				293066D425FDD11400B87E49 /* Assets.xcassets */,
				293066D925FDD11400B87E49 /* Info.plist */,
				293066D625FDD11400B87E49 /* Preview Content */,
				29805B03260704ED00E09844 /* Color+Extensions.swift */,
			);
			path = "rdr2-map-overlay";
			sourceTree = "<group>";
		};
		293066D625FDD11400B87E49 /* Preview Content */ = {
			isa = PBXGroup;
			children = (
				293066D725FDD11400B87E49 /* Preview Assets.xcassets */,
			);
			path = "Preview Content";
			sourceTree = "<group>";
		};
/* End PBXGroup section */

/* Begin PBXNativeTarget section */
		293066CC25FDD11300B87E49 /* rdr2-map-overlay */ = {
			isa = PBXNativeTarget;
			buildConfigurationList = 293066DC25FDD11400B87E49 /* Build configuration list for PBXNativeTarget "rdr2-map-overlay" */;
			buildPhases = (
				293066C925FDD11300B87E49 /* Sources */,
				293066CA25FDD11300B87E49 /* Frameworks */,
				293066CB25FDD11300B87E49 /* Resources */,
			);
			buildRules = (
			);
			dependencies = (
			);
			name = "rdr2-map-overlay";
			productName = "rdr2-map-overlay";
			productReference = 293066CD25FDD11300B87E49 /* rdr2-map-overlay.app */;
			productType = "com.apple.product-type.application";
		};
/* End PBXNativeTarget section */

/* Begin PBXProject section */
		293066C525FDD11300B87E49 /* Project object */ = {
			isa = PBXProject;
			attributes = {
				LastSwiftUpdateCheck = 1240;
				LastUpgradeCheck = 1240;
				TargetAttributes = {
					293066CC25FDD11300B87E49 = {
						CreatedOnToolsVersion = 12.4;
					};
				};
			};
			buildConfigurationList = 293066C825FDD11300B87E49 /* Build configuration list for PBXProject "rdr2-map-overlay" */;
			compatibilityVersion = "Xcode 9.3";
			developmentRegion = en;
			hasScannedForEncodings = 0;
			knownRegions = (
				en,
				Base,
			);
			mainGroup = 293066C425FDD11300B87E49;
			productRefGroup = 293066CE25FDD11300B87E49 /* Products */;
			projectDirPath = "";
			projectRoot = "";
			targets = (
				293066CC25FDD11300B87E49 /* rdr2-map-overlay */,
			);
		};
/* End PBXProject section */

/* Begin PBXResourcesBuildPhase section */
		293066CB25FDD11300B87E49 /* Resources */ = {
			isa = PBXResourcesBuildPhase;
			buildActionMask = 2147483647;
			files = (
				293066D825FDD11400B87E49 /* Preview Assets.xcassets in Resources */,
				293066D525FDD11400B87E49 /* Assets.xcassets in Resources */,
			);
			runOnlyForDeploymentPostprocessing = 0;
		};
/* End PBXResourcesBuildPhase section */

/* Begin PBXSourcesBuildPhase section */
		293066C925FDD11300B87E49 /* Sources */ = {
			isa = PBXSourcesBuildPhase;
			buildActionMask = 2147483647;
			files = (
				29805B04260704ED00E09844 /* Color+Extensions.swift in Sources */,
				293066E525FDD2C600B87E49 /* MinimapViewModel.swift in Sources */,
				293066D325FDD11300B87E49 /* ContentView.swift in Sources */,
				293066D125FDD11300B87E49 /* rdr2_map_overlayApp.swift in Sources */,
				293066E225FDD2BE00B87E49 /* MinimapView.swift in Sources */,
			);
			runOnlyForDeploymentPostprocessing = 0;
		};
/* End PBXSourcesBuildPhase section */

/* Begin XCBuildConfiguration section */
		293066DA25FDD11400B87E49 /* Debug */ = {
			isa = XCBuildConfiguration;
			buildSettings = {
				ALWAYS_SEARCH_USER_PATHS = NO;
				CLANG_ANALYZER_NONNULL = YES;
				CLANG_ANALYZER_NUMBER_OBJECT_CONVERSION = YES_AGGRESSIVE;
				CLANG_CXX_LANGUAGE_STANDARD = "gnu++14";
				CLANG_CXX_LIBRARY = "libc++";
				CLANG_ENABLE_MODULES = YES;
				CLANG_ENABLE_OBJC_ARC = YES;
				CLANG_ENABLE_OBJC_WEAK = YES;
				CLANG_WARN_BLOCK_CAPTURE_AUTORELEASING = YES;
				CLANG_WARN_BOOL_CONVERSION = YES;
				CLANG_WARN_COMMA = YES;
				CLANG_WARN_CONSTANT_CONVERSION = YES;
				CLANG_WARN_DEPRECATED_OBJC_IMPLEMENTATIONS = YES;
				CLANG_WARN_DIRECT_OBJC_ISA_USAGE = YES_ERROR;
				CLANG_WARN_DOCUMENTATION_COMMENTS = YES;
				CLANG_WARN_EMPTY_BODY = YES;
				CLANG_WARN_ENUM_CONVERSION = YES;
				CLANG_WARN_INFINITE_RECURSION = YES;
				CLANG_WARN_INT_CONVERSION = YES;
				CLANG_WARN_NON_LITERAL_NULL_CONVERSION = YES;
				CLANG_WARN_OBJC_IMPLICIT_RETAIN_SELF = YES;
				CLANG_WARN_OBJC_LITERAL_CONVERSION = YES;
				CLANG_WARN_OBJC_ROOT_CLASS = YES_ERROR;
				CLANG_WARN_QUOTED_INCLUDE_IN_FRAMEWORK_HEADER = YES;
				CLANG_WARN_RANGE_LOOP_ANALYSIS = YES;
				CLANG_WARN_STRICT_PROTOTYPES = YES;
				CLANG_WARN_SUSPICIOUS_MOVE = YES;
				CLANG_WARN_UNGUARDED_AVAILABILITY = YES_AGGRESSIVE;
				CLANG_WARN_UNREACHABLE_CODE = YES;
				CLANG_WARN__DUPLICATE_METHOD_MATCH = YES;
				COPY_PHASE_STRIP = NO;
				DEBUG_INFORMATION_FORMAT = dwarf;
				ENABLE_STRICT_OBJC_MSGSEND = YES;
				ENABLE_TESTABILITY = YES;
				GCC_C_LANGUAGE_STANDARD = gnu11;
				GCC_DYNAMIC_NO_PIC = NO;
				GCC_NO_COMMON_BLOCKS = YES;
				GCC_OPTIMIZATION_LEVEL = 0;
				GCC_PREPROCESSOR_DEFINITIONS = (
					"DEBUG=1",
					"$(inherited)",
				);
				GCC_WARN_64_TO_32_BIT_CONVERSION = YES;
				GCC_WARN_ABOUT_RETURN_TYPE = YES_ERROR;
				GCC_WARN_UNDECLARED_SELECTOR = YES;
				GCC_WARN_UNINITIALIZED_AUTOS = YES_AGGRESSIVE;
				GCC_WARN_UNUSED_FUNCTION = YES;
				GCC_WARN_UNUSED_VARIABLE = YES;
				IPHONEOS_DEPLOYMENT_TARGET = 14.4;
				MTL_ENABLE_DEBUG_INFO = INCLUDE_SOURCE;
				MTL_FAST_MATH = YES;
				ONLY_ACTIVE_ARCH = YES;
				SDKROOT = iphoneos;
				SWIFT_ACTIVE_COMPILATION_CONDITIONS = DEBUG;
				SWIFT_OPTIMIZATION_LEVEL = "-Onone";
			};
			name = Debug;
		};
		293066DB25FDD11400B87E49 /* Release */ = {
			isa = XCBuildConfiguration;
			buildSettings = {
				ALWAYS_SEARCH_USER_PATHS = NO;
				CLANG_ANALYZER_NONNULL = YES;
				CLANG_ANALYZER_NUMBER_OBJECT_CONVERSION = YES_AGGRESSIVE;
				CLANG_CXX_LANGUAGE_STANDARD = "gnu++14";
				CLANG_CXX_LIBRARY = "libc++";
				CLANG_ENABLE_MODULES = YES;
				CLANG_ENABLE_OBJC_ARC = YES;
				CLANG_ENABLE_OBJC_WEAK = YES;
				CLANG_WARN_BLOCK_CAPTURE_AUTORELEASING = YES;
				CLANG_WARN_BOOL_CONVERSION = YES;
				CLANG_WARN_COMMA = YES;
				CLANG_WARN_CONSTANT_CONVERSION = YES;
				CLANG_WARN_DEPRECATED_OBJC_IMPLEMENTATIONS = YES;
				CLANG_WARN_DIRECT_OBJC_ISA_USAGE = YES_ERROR;
				CLANG_WARN_DOCUMENTATION_COMMENTS = YES;
				CLANG_WARN_EMPTY_BODY = YES;
				CLANG_WARN_ENUM_CONVERSION = YES;
				CLANG_WARN_INFINITE_RECURSION = YES;
				CLANG_WARN_INT_CONVERSION = YES;
				CLANG_WARN_NON_LITERAL_NULL_CONVERSION = YES;
				CLANG_WARN_OBJC_IMPLICIT_RETAIN_SELF = YES;
				CLANG_WARN_OBJC_LITERAL_CONVERSION = YES;
				CLANG_WARN_OBJC_ROOT_CLASS = YES_ERROR;
				CLANG_WARN_QUOTED_INCLUDE_IN_FRAMEWORK_HEADER = YES;
				CLANG_WARN_RANGE_LOOP_ANALYSIS = YES;
				CLANG_WARN_STRICT_PROTOTYPES = YES;
				CLANG_WARN_SUSPICIOUS_MOVE = YES;
				CLANG_WARN_UNGUARDED_AVAILABILITY = YES_AGGRESSIVE;
				CLANG_WARN_UNREACHABLE_CODE = YES;
				CLANG_WARN__DUPLICATE_METHOD_MATCH = YES;
				COPY_PHASE_STRIP = NO;
				DEBUG_INFORMATION_FORMAT = "dwarf-with-dsym";
				ENABLE_NS_ASSERTIONS = NO;
				ENABLE_STRICT_OBJC_MSGSEND = YES;
				GCC_C_LANGUAGE_STANDARD = gnu11;
				GCC_NO_COMMON_BLOCKS = YES;
				GCC_WARN_64_TO_32_BIT_CONVERSION = YES;
				GCC_WARN_ABOUT_RETURN_TYPE = YES_ERROR;
				GCC_WARN_UNDECLARED_SELECTOR = YES;
				GCC_WARN_UNINITIALIZED_AUTOS = YES_AGGRESSIVE;
				GCC_WARN_UNUSED_FUNCTION = YES;
				GCC_WARN_UNUSED_VARIABLE = YES;
				IPHONEOS_DEPLOYMENT_TARGET = 14.4;
				MTL_ENABLE_DEBUG_INFO = NO;
				MTL_FAST_MATH = YES;
				SDKROOT = iphoneos;
				SWIFT_COMPILATION_MODE = wholemodule;
				SWIFT_OPTIMIZATION_LEVEL = "-O";
				VALIDATE_PRODUCT = YES;
			};
			name = Release;
		};
		293066DD25FDD11400B87E49 /* Debug */ = {
			isa = XCBuildConfiguration;
			buildSettings = {
				ASSETCATALOG_COMPILER_APPICON_NAME = AppIcon;
				ASSETCATALOG_COMPILER_GLOBAL_ACCENT_COLOR_NAME = AccentColor;
				CODE_SIGN_STYLE = Automatic;
				DEVELOPMENT_ASSET_PATHS = "\"rdr2-map-overlay/Preview Content\"";
				ENABLE_PREVIEWS = YES;
				INFOPLIST_FILE = "rdr2-map-overlay/Info.plist";
				IPHONEOS_DEPLOYMENT_TARGET = 14.0;
				LD_RUNPATH_SEARCH_PATHS = (
					"$(inherited)",
					"@executable_path/Frameworks",
				);
				PRODUCT_BUNDLE_IDENTIFIER = "com.nutterfi.rdr2-map-overlay";
				PRODUCT_NAME = "$(TARGET_NAME)";
				SWIFT_VERSION = 5.0;
				TARGETED_DEVICE_FAMILY = "1,2";
			};
			name = Debug;
		};
		293066DE25FDD11400B87E49 /* Release */ = {
			isa = XCBuildConfiguration;
			buildSettings = {
				ASSETCATALOG_COMPILER_APPICON_NAME = AppIcon;
				ASSETCATALOG_COMPILER_GLOBAL_ACCENT_COLOR_NAME = AccentColor;
				CODE_SIGN_STYLE = Automatic;
				DEVELOPMENT_ASSET_PATHS = "\"rdr2-map-overlay/Preview Content\"";
				ENABLE_PREVIEWS = YES;
				INFOPLIST_FILE = "rdr2-map-overlay/Info.plist";
				IPHONEOS_DEPLOYMENT_TARGET = 14.0;
				LD_RUNPATH_SEARCH_PATHS = (
					"$(inherited)",
					"@executable_path/Frameworks",
				);
				PRODUCT_BUNDLE_IDENTIFIER = "com.nutterfi.rdr2-map-overlay";
				PRODUCT_NAME = "$(TARGET_NAME)";
				SWIFT_VERSION = 5.0;
				TARGETED_DEVICE_FAMILY = "1,2";
			};
			name = Release;
		};
/* End XCBuildConfiguration section */

/* Begin XCConfigurationList section */
		293066C825FDD11300B87E49 /* Build configuration list for PBXProject "rdr2-map-overlay" */ = {
			isa = XCConfigurationList;
			buildConfigurations = (
				293066DA25FDD11400B87E49 /* Debug */,
				293066DB25FDD11400B87E49 /* Release */,
			);
			defaultConfigurationIsVisible = 0;
			defaultConfigurationName = Release;
		};
		293066DC25FDD11400B87E49 /* Build configuration list for PBXNativeTarget "rdr2-map-overlay" */ = {
			isa = XCConfigurationList;
			buildConfigurations = (
				293066DD25FDD11400B87E49 /* Debug */,
				293066DE25FDD11400B87E49 /* Release */,
			);
			defaultConfigurationIsVisible = 0;
			defaultConfigurationName = Release;
		};
/* End XCConfigurationList section */
	};
	rootObject = 293066C525FDD11300B87E49 /* Project object */;
}
